
Microsoft Visual Studio Solution File, Format Version 12.00
Project("{FAE04EC0-301F-11D3-BF4B-00C04F79EFBC}") = "WebApp", "WebApp\WebApp.csproj", "{DACDA9C3-323D-4E5D-8E7E-B8240ABBFD3A}"
EndProject
Project("{2150E333-8FDC-42A3-9474-1A3956D46DE8}") = "Solution Items", "Solution Items", "{94C7F3CB-1902-4357-8351-818321B3312C}"
ProjectSection(SolutionItems) = preProject
	Directory.Build.props = Directory.Build.props
	README.md = README.md
	documentation.pdf = documentation.pdf
	.gitignore = .gitignore
EndProjectSection
EndProject
Project("{FAE04EC0-301F-11D3-BF4B-00C04F79EFBC}") = "DAL.App.EF", "DAL.App.EF\DAL.App.EF.csproj", "{669EBCCB-F530-4261-99D0-9B20EAB8C3A3}"
EndProject
Project("{FAE04EC0-301F-11D3-BF4B-00C04F79EFBC}") = "Domain.App", "Domain.App\Domain.App.csproj", "{2E32B545-77C8-441B-AAD5-05BE4EC6E5AC}"
EndProject
Project("{FAE04EC0-301F-11D3-BF4B-00C04F79EFBC}") = "Contracts.DAL.App", "Contracts.DAL.App\Contracts.DAL.App.csproj", "{D01FB361-AC97-434F-8624-C955072A6840}"
EndProject
Project("{2150E333-8FDC-42A3-9474-1A3956D46DE8}") = "Base", "Base", "{B19F9ADD-6681-43ED-8C57-D016C9EFE0D3}"
EndProject
Project("{2150E333-8FDC-42A3-9474-1A3956D46DE8}") = "App", "App", "{0082F720-A881-419E-87B5-1CB1FB227302}"
EndProject
Project("{FAE04EC0-301F-11D3-BF4B-00C04F79EFBC}") = "Contracts.DAL.Base", "Contracts.DAL.Base\Contracts.DAL.Base.csproj", "{B320BF44-5D16-4269-B1CB-0C769AA4D632}"
EndProject
Project("{FAE04EC0-301F-11D3-BF4B-00C04F79EFBC}") = "Contracts.Domain.Base", "Contracts.Domain.Base\Contracts.Domain.Base.csproj", "{C39389CB-7AFE-41FA-B9DE-F9648581357B}"
EndProject
Project("{FAE04EC0-301F-11D3-BF4B-00C04F79EFBC}") = "DAL.Base", "DAL.Base\DAL.Base.csproj", "{489C2FB9-735C-4C23-830D-B3A1D064190B}"
EndProject
Project("{FAE04EC0-301F-11D3-BF4B-00C04F79EFBC}") = "DAL.Base.EF", "DAL.Base.EF\DAL.Base.EF.csproj", "{30247F32-DE23-4A5B-B707-BA9E695465D3}"
EndProject
Project("{FAE04EC0-301F-11D3-BF4B-00C04F79EFBC}") = "Domain.Base", "Domain.Base\Domain.Base.csproj", "{99E6E520-0E9D-4CC0-AA5E-8FA15713E249}"
EndProject
Project("{FAE04EC0-301F-11D3-BF4B-00C04F79EFBC}") = "Extensions.Base", "Extensions.Base\Extensions.Base.csproj", "{3AE0D366-654B-46E9-A2E6-30A7F693DD75}"
EndProject
Project("{FAE04EC0-301F-11D3-BF4B-00C04F79EFBC}") = "Contracts.BLL.Base", "Contracts.BLL.Base\Contracts.BLL.Base.csproj", "{99ECC2A4-DDEE-4BE3-8CD0-283AC1E406F6}"
EndProject
Project("{FAE04EC0-301F-11D3-BF4B-00C04F79EFBC}") = "BLL.Base", "BLL.Base\BLL.Base.csproj", "{44722E55-3282-4CB5-A646-3DAA4A0DA52B}"
EndProject
Project("{FAE04EC0-301F-11D3-BF4B-00C04F79EFBC}") = "Contracts.BLL.App", "Contracts.BLL.App\Contracts.BLL.App.csproj", "{D9159E47-59E7-404E-AD48-977766FD7190}"
EndProject
Project("{FAE04EC0-301F-11D3-BF4B-00C04F79EFBC}") = "BLL.App", "BLL.App\BLL.App.csproj", "{AA2C24B3-16CD-4984-95CF-A28D2825503E}"
EndProject
Project("{FAE04EC0-301F-11D3-BF4B-00C04F79EFBC}") = "DAL.App.DTO", "DAL.App.DTO\DAL.App.DTO.csproj", "{2D6AF132-B296-44CE-8FDC-D793E5CAA56B}"
EndProject
Project("{FAE04EC0-301F-11D3-BF4B-00C04F79EFBC}") = "BLL.App.DTO", "BLL.App.DTO\BLL.App.DTO.csproj", "{9C551A12-0D68-4EE0-B622-2746F9884E97}"
EndProject
Project("{FAE04EC0-301F-11D3-BF4B-00C04F79EFBC}") = "PublicAPI.DTO.v1", "PublicAPI.DTO.v1\PublicAPI.DTO.v1.csproj", "{752643D0-D138-4CDD-BD07-FD775A35B016}"
EndProject
Project("{FAE04EC0-301F-11D3-BF4B-00C04F79EFBC}") = "Resources", "Resources\Resources.csproj", "{2670947B-A0DE-4DA9-B418-8710F0BB87DD}"
EndProject
Project("{FAE04EC0-301F-11D3-BF4B-00C04F79EFBC}") = "Resources.Base", "Resources.Base\Resources.Base.csproj", "{55B866D4-5C0F-47F1-98F6-5710BA8C8C3F}"
EndProject
Global
	GlobalSection(SolutionConfigurationPlatforms) = preSolution
		Debug|Any CPU = Debug|Any CPU
		Release|Any CPU = Release|Any CPU
	EndGlobalSection
	GlobalSection(ProjectConfigurationPlatforms) = postSolution
		{DACDA9C3-323D-4E5D-8E7E-B8240ABBFD3A}.Debug|Any CPU.ActiveCfg = Debug|Any CPU
		{DACDA9C3-323D-4E5D-8E7E-B8240ABBFD3A}.Debug|Any CPU.Build.0 = Debug|Any CPU
		{DACDA9C3-323D-4E5D-8E7E-B8240ABBFD3A}.Release|Any CPU.ActiveCfg = Release|Any CPU
		{DACDA9C3-323D-4E5D-8E7E-B8240ABBFD3A}.Release|Any CPU.Build.0 = Release|Any CPU
		{669EBCCB-F530-4261-99D0-9B20EAB8C3A3}.Debug|Any CPU.ActiveCfg = Debug|Any CPU
		{669EBCCB-F530-4261-99D0-9B20EAB8C3A3}.Debug|Any CPU.Build.0 = Debug|Any CPU
		{669EBCCB-F530-4261-99D0-9B20EAB8C3A3}.Release|Any CPU.ActiveCfg = Release|Any CPU
		{669EBCCB-F530-4261-99D0-9B20EAB8C3A3}.Release|Any CPU.Build.0 = Release|Any CPU
		{2E32B545-77C8-441B-AAD5-05BE4EC6E5AC}.Debug|Any CPU.ActiveCfg = Debug|Any CPU
		{2E32B545-77C8-441B-AAD5-05BE4EC6E5AC}.Debug|Any CPU.Build.0 = Debug|Any CPU
		{2E32B545-77C8-441B-AAD5-05BE4EC6E5AC}.Release|Any CPU.ActiveCfg = Release|Any CPU
		{2E32B545-77C8-441B-AAD5-05BE4EC6E5AC}.Release|Any CPU.Build.0 = Release|Any CPU
		{D01FB361-AC97-434F-8624-C955072A6840}.Debug|Any CPU.ActiveCfg = Debug|Any CPU
		{D01FB361-AC97-434F-8624-C955072A6840}.Debug|Any CPU.Build.0 = Debug|Any CPU
		{D01FB361-AC97-434F-8624-C955072A6840}.Release|Any CPU.ActiveCfg = Release|Any CPU
		{D01FB361-AC97-434F-8624-C955072A6840}.Release|Any CPU.Build.0 = Release|Any CPU
		{B320BF44-5D16-4269-B1CB-0C769AA4D632}.Debug|Any CPU.ActiveCfg = Debug|Any CPU
		{B320BF44-5D16-4269-B1CB-0C769AA4D632}.Debug|Any CPU.Build.0 = Debug|Any CPU
		{B320BF44-5D16-4269-B1CB-0C769AA4D632}.Release|Any CPU.ActiveCfg = Release|Any CPU
		{B320BF44-5D16-4269-B1CB-0C769AA4D632}.Release|Any CPU.Build.0 = Release|Any CPU
		{C39389CB-7AFE-41FA-B9DE-F9648581357B}.Debug|Any CPU.ActiveCfg = Debug|Any CPU
		{C39389CB-7AFE-41FA-B9DE-F9648581357B}.Debug|Any CPU.Build.0 = Debug|Any CPU
		{C39389CB-7AFE-41FA-B9DE-F9648581357B}.Release|Any CPU.ActiveCfg = Release|Any CPU
		{C39389CB-7AFE-41FA-B9DE-F9648581357B}.Release|Any CPU.Build.0 = Release|Any CPU
		{489C2FB9-735C-4C23-830D-B3A1D064190B}.Debug|Any CPU.ActiveCfg = Debug|Any CPU
		{489C2FB9-735C-4C23-830D-B3A1D064190B}.Debug|Any CPU.Build.0 = Debug|Any CPU
		{489C2FB9-735C-4C23-830D-B3A1D064190B}.Release|Any CPU.ActiveCfg = Release|Any CPU
		{489C2FB9-735C-4C23-830D-B3A1D064190B}.Release|Any CPU.Build.0 = Release|Any CPU
		{30247F32-DE23-4A5B-B707-BA9E695465D3}.Debug|Any CPU.ActiveCfg = Debug|Any CPU
		{30247F32-DE23-4A5B-B707-BA9E695465D3}.Debug|Any CPU.Build.0 = Debug|Any CPU
		{30247F32-DE23-4A5B-B707-BA9E695465D3}.Release|Any CPU.ActiveCfg = Release|Any CPU
		{30247F32-DE23-4A5B-B707-BA9E695465D3}.Release|Any CPU.Build.0 = Release|Any CPU
		{99E6E520-0E9D-4CC0-AA5E-8FA15713E249}.Debug|Any CPU.ActiveCfg = Debug|Any CPU
		{99E6E520-0E9D-4CC0-AA5E-8FA15713E249}.Debug|Any CPU.Build.0 = Debug|Any CPU
		{99E6E520-0E9D-4CC0-AA5E-8FA15713E249}.Release|Any CPU.ActiveCfg = Release|Any CPU
		{99E6E520-0E9D-4CC0-AA5E-8FA15713E249}.Release|Any CPU.Build.0 = Release|Any CPU
		{3AE0D366-654B-46E9-A2E6-30A7F693DD75}.Debug|Any CPU.ActiveCfg = Debug|Any CPU
		{3AE0D366-654B-46E9-A2E6-30A7F693DD75}.Debug|Any CPU.Build.0 = Debug|Any CPU
		{3AE0D366-654B-46E9-A2E6-30A7F693DD75}.Release|Any CPU.ActiveCfg = Release|Any CPU
		{3AE0D366-654B-46E9-A2E6-30A7F693DD75}.Release|Any CPU.Build.0 = Release|Any CPU
		{99ECC2A4-DDEE-4BE3-8CD0-283AC1E406F6}.Debug|Any CPU.ActiveCfg = Debug|Any CPU
		{99ECC2A4-DDEE-4BE3-8CD0-283AC1E406F6}.Debug|Any CPU.Build.0 = Debug|Any CPU
		{99ECC2A4-DDEE-4BE3-8CD0-283AC1E406F6}.Release|Any CPU.ActiveCfg = Release|Any CPU
		{99ECC2A4-DDEE-4BE3-8CD0-283AC1E406F6}.Release|Any CPU.Build.0 = Release|Any CPU
		{44722E55-3282-4CB5-A646-3DAA4A0DA52B}.Debug|Any CPU.ActiveCfg = Debug|Any CPU
		{44722E55-3282-4CB5-A646-3DAA4A0DA52B}.Debug|Any CPU.Build.0 = Debug|Any CPU
		{44722E55-3282-4CB5-A646-3DAA4A0DA52B}.Release|Any CPU.ActiveCfg = Release|Any CPU
		{44722E55-3282-4CB5-A646-3DAA4A0DA52B}.Release|Any CPU.Build.0 = Release|Any CPU
		{D9159E47-59E7-404E-AD48-977766FD7190}.Debug|Any CPU.ActiveCfg = Debug|Any CPU
		{D9159E47-59E7-404E-AD48-977766FD7190}.Debug|Any CPU.Build.0 = Debug|Any CPU
		{D9159E47-59E7-404E-AD48-977766FD7190}.Release|Any CPU.ActiveCfg = Release|Any CPU
		{D9159E47-59E7-404E-AD48-977766FD7190}.Release|Any CPU.Build.0 = Release|Any CPU
		{AA2C24B3-16CD-4984-95CF-A28D2825503E}.Debug|Any CPU.ActiveCfg = Debug|Any CPU
		{AA2C24B3-16CD-4984-95CF-A28D2825503E}.Debug|Any CPU.Build.0 = Debug|Any CPU
		{AA2C24B3-16CD-4984-95CF-A28D2825503E}.Release|Any CPU.ActiveCfg = Release|Any CPU
		{AA2C24B3-16CD-4984-95CF-A28D2825503E}.Release|Any CPU.Build.0 = Release|Any CPU
		{2D6AF132-B296-44CE-8FDC-D793E5CAA56B}.Debug|Any CPU.ActiveCfg = Debug|Any CPU
		{2D6AF132-B296-44CE-8FDC-D793E5CAA56B}.Debug|Any CPU.Build.0 = Debug|Any CPU
		{2D6AF132-B296-44CE-8FDC-D793E5CAA56B}.Release|Any CPU.ActiveCfg = Release|Any CPU
		{2D6AF132-B296-44CE-8FDC-D793E5CAA56B}.Release|Any CPU.Build.0 = Release|Any CPU
		{9C551A12-0D68-4EE0-B622-2746F9884E97}.Debug|Any CPU.ActiveCfg = Debug|Any CPU
		{9C551A12-0D68-4EE0-B622-2746F9884E97}.Debug|Any CPU.Build.0 = Debug|Any CPU
		{9C551A12-0D68-4EE0-B622-2746F9884E97}.Release|Any CPU.ActiveCfg = Release|Any CPU
		{9C551A12-0D68-4EE0-B622-2746F9884E97}.Release|Any CPU.Build.0 = Release|Any CPU
		{752643D0-D138-4CDD-BD07-FD775A35B016}.Debug|Any CPU.ActiveCfg = Debug|Any CPU
		{752643D0-D138-4CDD-BD07-FD775A35B016}.Debug|Any CPU.Build.0 = Debug|Any CPU
		{752643D0-D138-4CDD-BD07-FD775A35B016}.Release|Any CPU.ActiveCfg = Release|Any CPU
		{752643D0-D138-4CDD-BD07-FD775A35B016}.Release|Any CPU.Build.0 = Release|Any CPU
		{2670947B-A0DE-4DA9-B418-8710F0BB87DD}.Debug|Any CPU.ActiveCfg = Debug|Any CPU
		{2670947B-A0DE-4DA9-B418-8710F0BB87DD}.Debug|Any CPU.Build.0 = Debug|Any CPU
		{2670947B-A0DE-4DA9-B418-8710F0BB87DD}.Release|Any CPU.ActiveCfg = Release|Any CPU
		{2670947B-A0DE-4DA9-B418-8710F0BB87DD}.Release|Any CPU.Build.0 = Release|Any CPU
		{55B866D4-5C0F-47F1-98F6-5710BA8C8C3F}.Debug|Any CPU.ActiveCfg = Debug|Any CPU
		{55B866D4-5C0F-47F1-98F6-5710BA8C8C3F}.Debug|Any CPU.Build.0 = Debug|Any CPU
		{55B866D4-5C0F-47F1-98F6-5710BA8C8C3F}.Release|Any CPU.ActiveCfg = Release|Any CPU
		{55B866D4-5C0F-47F1-98F6-5710BA8C8C3F}.Release|Any CPU.Build.0 = Release|Any CPU
	EndGlobalSection
	GlobalSection(NestedProjects) = preSolution
		{D01FB361-AC97-434F-8624-C955072A6840} = {0082F720-A881-419E-87B5-1CB1FB227302}
		{2E32B545-77C8-441B-AAD5-05BE4EC6E5AC} = {0082F720-A881-419E-87B5-1CB1FB227302}
		{669EBCCB-F530-4261-99D0-9B20EAB8C3A3} = {0082F720-A881-419E-87B5-1CB1FB227302}
		{DACDA9C3-323D-4E5D-8E7E-B8240ABBFD3A} = {0082F720-A881-419E-87B5-1CB1FB227302}
		{B320BF44-5D16-4269-B1CB-0C769AA4D632} = {B19F9ADD-6681-43ED-8C57-D016C9EFE0D3}
		{C39389CB-7AFE-41FA-B9DE-F9648581357B} = {B19F9ADD-6681-43ED-8C57-D016C9EFE0D3}
		{489C2FB9-735C-4C23-830D-B3A1D064190B} = {B19F9ADD-6681-43ED-8C57-D016C9EFE0D3}
		{30247F32-DE23-4A5B-B707-BA9E695465D3} = {B19F9ADD-6681-43ED-8C57-D016C9EFE0D3}
		{99E6E520-0E9D-4CC0-AA5E-8FA15713E249} = {B19F9ADD-6681-43ED-8C57-D016C9EFE0D3}
		{3AE0D366-654B-46E9-A2E6-30A7F693DD75} = {B19F9ADD-6681-43ED-8C57-D016C9EFE0D3}
		{99ECC2A4-DDEE-4BE3-8CD0-283AC1E406F6} = {B19F9ADD-6681-43ED-8C57-D016C9EFE0D3}
		{44722E55-3282-4CB5-A646-3DAA4A0DA52B} = {B19F9ADD-6681-43ED-8C57-D016C9EFE0D3}
		{D9159E47-59E7-404E-AD48-977766FD7190} = {0082F720-A881-419E-87B5-1CB1FB227302}
		{AA2C24B3-16CD-4984-95CF-A28D2825503E} = {0082F720-A881-419E-87B5-1CB1FB227302}
		{2D6AF132-B296-44CE-8FDC-D793E5CAA56B} = {0082F720-A881-419E-87B5-1CB1FB227302}
		{9C551A12-0D68-4EE0-B622-2746F9884E97} = {0082F720-A881-419E-87B5-1CB1FB227302}
		{752643D0-D138-4CDD-BD07-FD775A35B016} = {0082F720-A881-419E-87B5-1CB1FB227302}
		{2670947B-A0DE-4DA9-B418-8710F0BB87DD} = {0082F720-A881-419E-87B5-1CB1FB227302}
		{55B866D4-5C0F-47F1-98F6-5710BA8C8C3F} = {B19F9ADD-6681-43ED-8C57-D016C9EFE0D3}
	EndGlobalSection
EndGlobal
